
Microsoft Visual Studio Solution File, Format Version 12.00
# Visual Studio Version 16
VisualStudioVersion = 16.0.30503.244
MinimumVisualStudioVersion = 10.0.40219.1
Project("{FAE04EC0-301F-11D3-BF4B-00C04F79EFBC}") = "UserMaintenance", "UserMaintenance\UserMaintenance.csproj", "{F3E5C7C1-BD6D-4FCB-8A66-687914566CE8}"
EndProject
Project("{FAE04EC0-301F-11D3-BF4B-00C04F79EFBC}") = "week04", "week04\week04.csproj", "{6A6F3F2E-4C98-477A-BF5D-E2241CB40673}"
EndProject
Project("{FAE04EC0-301F-11D3-BF4B-00C04F79EFBC}") = "week5", "week5\week5.csproj", "{B860606E-1BCF-430D-81EE-DA21FB63D632}"
EndProject
Project("{FAE04EC0-301F-11D3-BF4B-00C04F79EFBC}") = "week06", "WindowsFormsApp1\week06.csproj", "{E8ADD93D-98B5-4BDD-A616-93D9A1DB206D}"
EndProject
Project("{FAE04EC0-301F-11D3-BF4B-00C04F79EFBC}") = "week07", "week07\week07.csproj", "{EB06825D-62DC-48CA-A93D-C9F28E8C120F}"
EndProject
Project("{FAE04EC0-301F-11D3-BF4B-00C04F79EFBC}") = "week08", "week08\week08.csproj", "{4E00A05C-0F3E-48F4-AF75-B94DB2F38224}"
EndProject
Global
	GlobalSection(SolutionConfigurationPlatforms) = preSolution
		Debug|Any CPU = Debug|Any CPU
		Release|Any CPU = Release|Any CPU
	EndGlobalSection
	GlobalSection(ProjectConfigurationPlatforms) = postSolution
		{F3E5C7C1-BD6D-4FCB-8A66-687914566CE8}.Debug|Any CPU.ActiveCfg = Debug|Any CPU
		{F3E5C7C1-BD6D-4FCB-8A66-687914566CE8}.Debug|Any CPU.Build.0 = Debug|Any CPU
		{F3E5C7C1-BD6D-4FCB-8A66-687914566CE8}.Release|Any CPU.ActiveCfg = Release|Any CPU
		{F3E5C7C1-BD6D-4FCB-8A66-687914566CE8}.Release|Any CPU.Build.0 = Release|Any CPU
		{6A6F3F2E-4C98-477A-BF5D-E2241CB40673}.Debug|Any CPU.ActiveCfg = Debug|Any CPU
		{6A6F3F2E-4C98-477A-BF5D-E2241CB40673}.Debug|Any CPU.Build.0 = Debug|Any CPU
		{6A6F3F2E-4C98-477A-BF5D-E2241CB40673}.Release|Any CPU.ActiveCfg = Release|Any CPU
		{6A6F3F2E-4C98-477A-BF5D-E2241CB40673}.Release|Any CPU.Build.0 = Release|Any CPU
		{B860606E-1BCF-430D-81EE-DA21FB63D632}.Debug|Any CPU.ActiveCfg = Debug|Any CPU
		{B860606E-1BCF-430D-81EE-DA21FB63D632}.Debug|Any CPU.Build.0 = Debug|Any CPU
		{B860606E-1BCF-430D-81EE-DA21FB63D632}.Release|Any CPU.ActiveCfg = Release|Any CPU
		{B860606E-1BCF-430D-81EE-DA21FB63D632}.Release|Any CPU.Build.0 = Release|Any CPU
		{E8ADD93D-98B5-4BDD-A616-93D9A1DB206D}.Debug|Any CPU.ActiveCfg = Debug|Any CPU
		{E8ADD93D-98B5-4BDD-A616-93D9A1DB206D}.Debug|Any CPU.Build.0 = Debug|Any CPU
		{E8ADD93D-98B5-4BDD-A616-93D9A1DB206D}.Release|Any CPU.ActiveCfg = Release|Any CPU
		{E8ADD93D-98B5-4BDD-A616-93D9A1DB206D}.Release|Any CPU.Build.0 = Release|Any CPU
		{EB06825D-62DC-48CA-A93D-C9F28E8C120F}.Debug|Any CPU.ActiveCfg = Debug|Any CPU
		{EB06825D-62DC-48CA-A93D-C9F28E8C120F}.Debug|Any CPU.Build.0 = Debug|Any CPU
		{EB06825D-62DC-48CA-A93D-C9F28E8C120F}.Release|Any CPU.ActiveCfg = Release|Any CPU
		{EB06825D-62DC-48CA-A93D-C9F28E8C120F}.Release|Any CPU.Build.0 = Release|Any CPU
		{4E00A05C-0F3E-48F4-AF75-B94DB2F38224}.Debug|Any CPU.ActiveCfg = Debug|Any CPU
		{4E00A05C-0F3E-48F4-AF75-B94DB2F38224}.Debug|Any CPU.Build.0 = Debug|Any CPU
		{4E00A05C-0F3E-48F4-AF75-B94DB2F38224}.Release|Any CPU.ActiveCfg = Release|Any CPU
		{4E00A05C-0F3E-48F4-AF75-B94DB2F38224}.Release|Any CPU.Build.0 = Release|Any CPU
	EndGlobalSection
	GlobalSection(SolutionProperties) = preSolution
		HideSolutionNode = FALSE
	EndGlobalSection
	GlobalSection(ExtensibilityGlobals) = postSolution
		SolutionGuid = {D6DB00C9-3DF4-468D-B16B-BF5AD7D695CE}
	EndGlobalSection
EndGlobal
